// !$*UTF8*$!
{
	archiveVersion = 1;
	classes = {
	};
	objectVersion = 55;
	objects = {

/* Begin PBXBuildFile section */
		5506A7AD285F18BF00C5BDF5 /* PDFWriter_UtilityApp.swift in Sources */ = {isa = PBXBuildFile; fileRef = 5506A7AC285F18BF00C5BDF5 /* PDFWriter_UtilityApp.swift */; };
		5506A7AF285F18BF00C5BDF5 /* ContentView.swift in Sources */ = {isa = PBXBuildFile; fileRef = 5506A7AE285F18BF00C5BDF5 /* ContentView.swift */; };
		5506A7B1285F18C100C5BDF5 /* Assets.xcassets in Resources */ = {isa = PBXBuildFile; fileRef = 5506A7B0285F18C100C5BDF5 /* Assets.xcassets */; };
		5506A7B4285F18C100C5BDF5 /* Preview Assets.xcassets in Resources */ = {isa = PBXBuildFile; fileRef = 5506A7B3285F18C100C5BDF5 /* Preview Assets.xcassets */; };
		5506A7D9285FE2BC00C5BDF5 /* pdfwriter.m in Sources */ = {isa = PBXBuildFile; fileRef = 5506A7D8285FE2BC00C5BDF5 /* pdfwriter.m */; };
/* End PBXBuildFile section */

/* Begin PBXCopyFilesBuildPhase section */
		5506A7D4285FE2BC00C5BDF5 /* CopyFiles */ = {
			isa = PBXCopyFilesBuildPhase;
			buildActionMask = 2147483647;
			dstPath = /usr/share/man/man1/;
			dstSubfolderSpec = 0;
			files = (
			);
			runOnlyForDeploymentPostprocessing = 1;
		};
/* End PBXCopyFilesBuildPhase section */

/* Begin PBXFileReference section */
		5506A7A9285F18BF00C5BDF5 /* PDFWriter Utility.app */ = {isa = PBXFileReference; explicitFileType = wrapper.application; includeInIndex = 0; path = "PDFWriter Utility.app"; sourceTree = BUILT_PRODUCTS_DIR; };
		5506A7AC285F18BF00C5BDF5 /* PDFWriter_UtilityApp.swift */ = {isa = PBXFileReference; lastKnownFileType = sourcecode.swift; path = PDFWriter_UtilityApp.swift; sourceTree = "<group>"; };
		5506A7AE285F18BF00C5BDF5 /* ContentView.swift */ = {isa = PBXFileReference; lastKnownFileType = sourcecode.swift; path = ContentView.swift; sourceTree = "<group>"; };
		5506A7B0285F18C100C5BDF5 /* Assets.xcassets */ = {isa = PBXFileReference; lastKnownFileType = folder.assetcatalog; path = Assets.xcassets; sourceTree = "<group>"; };
		5506A7B3285F18C100C5BDF5 /* Preview Assets.xcassets */ = {isa = PBXFileReference; lastKnownFileType = folder.assetcatalog; path = "Preview Assets.xcassets"; sourceTree = "<group>"; };
		5506A7B5285F18C100C5BDF5 /* PDFWriter_Utility.entitlements */ = {isa = PBXFileReference; lastKnownFileType = text.plist.entitlements; path = PDFWriter_Utility.entitlements; sourceTree = "<group>"; };
		5506A7D6285FE2BC00C5BDF5 /* pdfwriter */ = {isa = PBXFileReference; explicitFileType = "compiled.mach-o.executable"; includeInIndex = 0; path = pdfwriter; sourceTree = BUILT_PRODUCTS_DIR; };
		5506A7D8285FE2BC00C5BDF5 /* pdfwriter.m */ = {isa = PBXFileReference; lastKnownFileType = sourcecode.c.objc; path = pdfwriter.m; sourceTree = "<group>"; };
		5506A7DD285FE2E700C5BDF5 /* pdfwriter.h */ = {isa = PBXFileReference; lastKnownFileType = sourcecode.c.h; path = pdfwriter.h; sourceTree = "<group>"; };
/* End PBXFileReference section */

/* Begin PBXFrameworksBuildPhase section */
		5506A7A6285F18BF00C5BDF5 /* Frameworks */ = {
			isa = PBXFrameworksBuildPhase;
			buildActionMask = 2147483647;
			files = (
			);
			runOnlyForDeploymentPostprocessing = 0;
		};
		5506A7D3285FE2BC00C5BDF5 /* Frameworks */ = {
			isa = PBXFrameworksBuildPhase;
			buildActionMask = 2147483647;
			files = (
			);
			runOnlyForDeploymentPostprocessing = 0;
		};
/* End PBXFrameworksBuildPhase section */

/* Begin PBXGroup section */
		5506A7A0285F18BF00C5BDF5 = {
			isa = PBXGroup;
			children = (
				5506A7AB285F18BF00C5BDF5 /* PDFWriter Utility */,
				5506A7D7285FE2BC00C5BDF5 /* pdfwriter */,
				5506A7AA285F18BF00C5BDF5 /* Products */,
			);
			sourceTree = "<group>";
		};
		5506A7AA285F18BF00C5BDF5 /* Products */ = {
			isa = PBXGroup;
			children = (
				5506A7A9285F18BF00C5BDF5 /* PDFWriter Utility.app */,
				5506A7D6285FE2BC00C5BDF5 /* pdfwriter */,
			);
			name = Products;
			sourceTree = "<group>";
		};
		5506A7AB285F18BF00C5BDF5 /* PDFWriter Utility */ = {
			isa = PBXGroup;
			children = (
				5506A7AC285F18BF00C5BDF5 /* PDFWriter_UtilityApp.swift */,
				5506A7AE285F18BF00C5BDF5 /* ContentView.swift */,
				5506A7B0285F18C100C5BDF5 /* Assets.xcassets */,
				5506A7B5285F18C100C5BDF5 /* PDFWriter_Utility.entitlements */,
				5506A7B2285F18C100C5BDF5 /* Preview Content */,
			);
			path = "PDFWriter Utility";
			sourceTree = "<group>";
		};
		5506A7B2285F18C100C5BDF5 /* Preview Content */ = {
			isa = PBXGroup;
			children = (
				5506A7B3285F18C100C5BDF5 /* Preview Assets.xcassets */,
			);
			path = "Preview Content";
			sourceTree = "<group>";
		};
		5506A7D7285FE2BC00C5BDF5 /* pdfwriter */ = {
			isa = PBXGroup;
			children = (
				5506A7D8285FE2BC00C5BDF5 /* pdfwriter.m */,
				5506A7DD285FE2E700C5BDF5 /* pdfwriter.h */,
			);
			path = pdfwriter;
			sourceTree = "<group>";
		};
/* End PBXGroup section */

/* Begin PBXNativeTarget section */
		5506A7A8285F18BF00C5BDF5 /* PDFWriter Utility */ = {
			isa = PBXNativeTarget;
			buildConfigurationList = 5506A7B8285F18C100C5BDF5 /* Build configuration list for PBXNativeTarget "PDFWriter Utility" */;
			buildPhases = (
				5506A7A5285F18BF00C5BDF5 /* Sources */,
				5506A7A6285F18BF00C5BDF5 /* Frameworks */,
				5506A7A7285F18BF00C5BDF5 /* Resources */,
			);
			buildRules = (
			);
			dependencies = (
			);
			name = "PDFWriter Utility";
			productName = "PDFWriter Utility";
			productReference = 5506A7A9285F18BF00C5BDF5 /* PDFWriter Utility.app */;
			productType = "com.apple.product-type.application";
		};
		5506A7D5285FE2BC00C5BDF5 /* pdfwriter */ = {
			isa = PBXNativeTarget;
			buildConfigurationList = 5506A7DA285FE2BC00C5BDF5 /* Build configuration list for PBXNativeTarget "pdfwriter" */;
			buildPhases = (
				5506A7D2285FE2BC00C5BDF5 /* Sources */,
				5506A7D3285FE2BC00C5BDF5 /* Frameworks */,
				5506A7D4285FE2BC00C5BDF5 /* CopyFiles */,
			);
			buildRules = (
			);
			dependencies = (
			);
			name = pdfwriter;
			productName = pdfwriter;
			productReference = 5506A7D6285FE2BC00C5BDF5 /* pdfwriter */;
			productType = "com.apple.product-type.tool";
		};
/* End PBXNativeTarget section */

/* Begin PBXProject section */
		5506A7A1285F18BF00C5BDF5 /* Project object */ = {
			isa = PBXProject;
			attributes = {
				BuildIndependentTargetsInParallel = 1;
				LastSwiftUpdateCheck = 1340;
				LastUpgradeCheck = 1420;
				TargetAttributes = {
					5506A7A8285F18BF00C5BDF5 = {
						CreatedOnToolsVersion = 13.4.1;
					};
					5506A7D5285FE2BC00C5BDF5 = {
						CreatedOnToolsVersion = 13.4.1;
					};
				};
			};
			buildConfigurationList = 5506A7A4285F18BF00C5BDF5 /* Build configuration list for PBXProject "PDFWriter" */;
			compatibilityVersion = "Xcode 13.0";
			developmentRegion = en;
			hasScannedForEncodings = 0;
			knownRegions = (
				en,
				Base,
			);
			mainGroup = 5506A7A0285F18BF00C5BDF5;
			productRefGroup = 5506A7AA285F18BF00C5BDF5 /* Products */;
			projectDirPath = "";
			projectRoot = "";
			targets = (
				5506A7A8285F18BF00C5BDF5 /* PDFWriter Utility */,
				5506A7D5285FE2BC00C5BDF5 /* pdfwriter */,
			);
		};
/* End PBXProject section */

/* Begin PBXResourcesBuildPhase section */
		5506A7A7285F18BF00C5BDF5 /* Resources */ = {
			isa = PBXResourcesBuildPhase;
			buildActionMask = 2147483647;
			files = (
				5506A7B4285F18C100C5BDF5 /* Preview Assets.xcassets in Resources */,
				5506A7B1285F18C100C5BDF5 /* Assets.xcassets in Resources */,
			);
			runOnlyForDeploymentPostprocessing = 0;
		};
/* End PBXResourcesBuildPhase section */

/* Begin PBXSourcesBuildPhase section */
		5506A7A5285F18BF00C5BDF5 /* Sources */ = {
			isa = PBXSourcesBuildPhase;
			buildActionMask = 2147483647;
			files = (
				5506A7AF285F18BF00C5BDF5 /* ContentView.swift in Sources */,
				5506A7AD285F18BF00C5BDF5 /* PDFWriter_UtilityApp.swift in Sources */,
			);
			runOnlyForDeploymentPostprocessing = 0;
		};
		5506A7D2285FE2BC00C5BDF5 /* Sources */ = {
			isa = PBXSourcesBuildPhase;
			buildActionMask = 2147483647;
			files = (
				5506A7D9285FE2BC00C5BDF5 /* pdfwriter.m in Sources */,
			);
			runOnlyForDeploymentPostprocessing = 0;
		};
/* End PBXSourcesBuildPhase section */

/* Begin XCBuildConfiguration section */
		5506A7B6285F18C100C5BDF5 /* Debug */ = {
			isa = XCBuildConfiguration;
			buildSettings = {
				ALWAYS_SEARCH_USER_PATHS = NO;
				CLANG_ANALYZER_NONNULL = YES;
				CLANG_ANALYZER_NUMBER_OBJECT_CONVERSION = YES_AGGRESSIVE;
				CLANG_CXX_LANGUAGE_STANDARD = "gnu++17";
				CLANG_ENABLE_MODULES = YES;
				CLANG_ENABLE_OBJC_ARC = YES;
				CLANG_ENABLE_OBJC_WEAK = YES;
				CLANG_WARN_BLOCK_CAPTURE_AUTORELEASING = YES;
				CLANG_WARN_BOOL_CONVERSION = YES;
				CLANG_WARN_COMMA = YES;
				CLANG_WARN_CONSTANT_CONVERSION = YES;
				CLANG_WARN_DEPRECATED_OBJC_IMPLEMENTATIONS = YES;
				CLANG_WARN_DIRECT_OBJC_ISA_USAGE = YES_ERROR;
				CLANG_WARN_DOCUMENTATION_COMMENTS = YES;
				CLANG_WARN_EMPTY_BODY = YES;
				CLANG_WARN_ENUM_CONVERSION = YES;
				CLANG_WARN_INFINITE_RECURSION = YES;
				CLANG_WARN_INT_CONVERSION = YES;
				CLANG_WARN_NON_LITERAL_NULL_CONVERSION = YES;
				CLANG_WARN_OBJC_IMPLICIT_RETAIN_SELF = YES;
				CLANG_WARN_OBJC_LITERAL_CONVERSION = YES;
				CLANG_WARN_OBJC_ROOT_CLASS = YES_ERROR;
				CLANG_WARN_QUOTED_INCLUDE_IN_FRAMEWORK_HEADER = YES;
				CLANG_WARN_RANGE_LOOP_ANALYSIS = YES;
				CLANG_WARN_STRICT_PROTOTYPES = YES;
				CLANG_WARN_SUSPICIOUS_MOVE = YES;
				CLANG_WARN_UNGUARDED_AVAILABILITY = YES_AGGRESSIVE;
				CLANG_WARN_UNREACHABLE_CODE = YES;
				CLANG_WARN__DUPLICATE_METHOD_MATCH = YES;
				COPY_PHASE_STRIP = NO;
				DEAD_CODE_STRIPPING = YES;
				DEBUG_INFORMATION_FORMAT = dwarf;
				ENABLE_STRICT_OBJC_MSGSEND = YES;
				ENABLE_TESTABILITY = YES;
				GCC_C_LANGUAGE_STANDARD = gnu11;
				GCC_DYNAMIC_NO_PIC = NO;
				GCC_NO_COMMON_BLOCKS = YES;
				GCC_OPTIMIZATION_LEVEL = 0;
				GCC_PREPROCESSOR_DEFINITIONS = (
					"DEBUG=1",
					"$(inherited)",
				);
				GCC_WARN_64_TO_32_BIT_CONVERSION = YES;
				GCC_WARN_ABOUT_RETURN_TYPE = YES_ERROR;
				GCC_WARN_UNDECLARED_SELECTOR = YES;
				GCC_WARN_UNINITIALIZED_AUTOS = YES_AGGRESSIVE;
				GCC_WARN_UNUSED_FUNCTION = YES;
				GCC_WARN_UNUSED_VARIABLE = YES;
				MACOSX_DEPLOYMENT_TARGET = 12.3;
				MTL_ENABLE_DEBUG_INFO = INCLUDE_SOURCE;
				MTL_FAST_MATH = YES;
				ONLY_ACTIVE_ARCH = YES;
				SDKROOT = macosx;
				SWIFT_ACTIVE_COMPILATION_CONDITIONS = DEBUG;
				SWIFT_OPTIMIZATION_LEVEL = "-Onone";
			};
			name = Debug;
		};
		5506A7B7285F18C100C5BDF5 /* Release */ = {
			isa = XCBuildConfiguration;
			buildSettings = {
				ALWAYS_SEARCH_USER_PATHS = NO;
				CLANG_ANALYZER_NONNULL = YES;
				CLANG_ANALYZER_NUMBER_OBJECT_CONVERSION = YES_AGGRESSIVE;
				CLANG_CXX_LANGUAGE_STANDARD = "gnu++17";
				CLANG_ENABLE_MODULES = YES;
				CLANG_ENABLE_OBJC_ARC = YES;
				CLANG_ENABLE_OBJC_WEAK = YES;
				CLANG_WARN_BLOCK_CAPTURE_AUTORELEASING = YES;
				CLANG_WARN_BOOL_CONVERSION = YES;
				CLANG_WARN_COMMA = YES;
				CLANG_WARN_CONSTANT_CONVERSION = YES;
				CLANG_WARN_DEPRECATED_OBJC_IMPLEMENTATIONS = YES;
				CLANG_WARN_DIRECT_OBJC_ISA_USAGE = YES_ERROR;
				CLANG_WARN_DOCUMENTATION_COMMENTS = YES;
				CLANG_WARN_EMPTY_BODY = YES;
				CLANG_WARN_ENUM_CONVERSION = YES;
				CLANG_WARN_INFINITE_RECURSION = YES;
				CLANG_WARN_INT_CONVERSION = YES;
				CLANG_WARN_NON_LITERAL_NULL_CONVERSION = YES;
				CLANG_WARN_OBJC_IMPLICIT_RETAIN_SELF = YES;
				CLANG_WARN_OBJC_LITERAL_CONVERSION = YES;
				CLANG_WARN_OBJC_ROOT_CLASS = YES_ERROR;
				CLANG_WARN_QUOTED_INCLUDE_IN_FRAMEWORK_HEADER = YES;
				CLANG_WARN_RANGE_LOOP_ANALYSIS = YES;
				CLANG_WARN_STRICT_PROTOTYPES = YES;
				CLANG_WARN_SUSPICIOUS_MOVE = YES;
				CLANG_WARN_UNGUARDED_AVAILABILITY = YES_AGGRESSIVE;
				CLANG_WARN_UNREACHABLE_CODE = YES;
				CLANG_WARN__DUPLICATE_METHOD_MATCH = YES;
				COPY_PHASE_STRIP = NO;
				DEAD_CODE_STRIPPING = YES;
				DEBUG_INFORMATION_FORMAT = "dwarf-with-dsym";
				ENABLE_NS_ASSERTIONS = NO;
				ENABLE_STRICT_OBJC_MSGSEND = YES;
				GCC_C_LANGUAGE_STANDARD = gnu11;
				GCC_NO_COMMON_BLOCKS = YES;
				GCC_WARN_64_TO_32_BIT_CONVERSION = YES;
				GCC_WARN_ABOUT_RETURN_TYPE = YES_ERROR;
				GCC_WARN_UNDECLARED_SELECTOR = YES;
				GCC_WARN_UNINITIALIZED_AUTOS = YES_AGGRESSIVE;
				GCC_WARN_UNUSED_FUNCTION = YES;
				GCC_WARN_UNUSED_VARIABLE = YES;
				MACOSX_DEPLOYMENT_TARGET = 12.3;
				MTL_ENABLE_DEBUG_INFO = NO;
				MTL_FAST_MATH = YES;
				SDKROOT = macosx;
				SWIFT_COMPILATION_MODE = wholemodule;
				SWIFT_OPTIMIZATION_LEVEL = "-O";
			};
			name = Release;
		};
		5506A7B9285F18C100C5BDF5 /* Debug */ = {
			isa = XCBuildConfiguration;
			buildSettings = {
				ASSETCATALOG_COMPILER_APPICON_NAME = AppIcon;
				ASSETCATALOG_COMPILER_GLOBAL_ACCENT_COLOR_NAME = AccentColor;
				CODE_SIGN_ENTITLEMENTS = "PDFWriter Utility/PDFWriter_Utility.entitlements";
				CODE_SIGN_IDENTITY = "Apple Development";
				"CODE_SIGN_IDENTITY[sdk=macosx*]" = "Developer ID Application";
				CODE_SIGN_STYLE = Manual;
				COMBINE_HIDPI_IMAGES = YES;
				CURRENT_PROJECT_VERSION = 1;
				DEAD_CODE_STRIPPING = YES;
				DEVELOPMENT_ASSET_PATHS = "\"PDFWriter Utility/Preview Content\"";
				DEVELOPMENT_TEAM = "";
				"DEVELOPMENT_TEAM[sdk=macosx*]" = H2LX99GBPZ;
				ENABLE_HARDENED_RUNTIME = YES;
				ENABLE_PREVIEWS = YES;
				GENERATE_INFOPLIST_FILE = YES;
				INFOPLIST_KEY_LSApplicationCategoryType = "public.app-category.utilities";
				INFOPLIST_KEY_NSHumanReadableCopyright = "";
				LD_RUNPATH_SEARCH_PATHS = (
					"$(inherited)",
					"@executable_path/../Frameworks",
				);
				MACOSX_DEPLOYMENT_TARGET = 11.0;
				MARKETING_VERSION = 2.0.5;
				PRODUCT_BUNDLE_IDENTIFIER = "au.rwts.PDFWriter-Utility";
				PRODUCT_NAME = "$(TARGET_NAME)";
				PROVISIONING_PROFILE_SPECIFIER = "";
				SWIFT_EMIT_LOC_STRINGS = YES;
				SWIFT_VERSION = 5.0;
			};
			name = Debug;
		};
		5506A7BA285F18C100C5BDF5 /* Release */ = {
			isa = XCBuildConfiguration;
			buildSettings = {
				ASSETCATALOG_COMPILER_APPICON_NAME = AppIcon;
				ASSETCATALOG_COMPILER_GLOBAL_ACCENT_COLOR_NAME = AccentColor;
				CODE_SIGN_ENTITLEMENTS = "PDFWriter Utility/PDFWriter_Utility.entitlements";
				CODE_SIGN_IDENTITY = "Apple Development";
				"CODE_SIGN_IDENTITY[sdk=macosx*]" = "Developer ID Application";
				CODE_SIGN_STYLE = Manual;
				COMBINE_HIDPI_IMAGES = YES;
				CURRENT_PROJECT_VERSION = 1;
				DEAD_CODE_STRIPPING = YES;
				DEVELOPMENT_ASSET_PATHS = "\"PDFWriter Utility/Preview Content\"";
				DEVELOPMENT_TEAM = "";
				"DEVELOPMENT_TEAM[sdk=macosx*]" = H2LX99GBPZ;
				ENABLE_HARDENED_RUNTIME = YES;
				ENABLE_PREVIEWS = YES;
				GENERATE_INFOPLIST_FILE = YES;
				INFOPLIST_KEY_LSApplicationCategoryType = "public.app-category.utilities";
				INFOPLIST_KEY_NSHumanReadableCopyright = "";
				LD_RUNPATH_SEARCH_PATHS = (
					"$(inherited)",
					"@executable_path/../Frameworks",
				);
				MACOSX_DEPLOYMENT_TARGET = 11.0;
				MARKETING_VERSION = 2.0.5;
				PRODUCT_BUNDLE_IDENTIFIER = "au.rwts.PDFWriter-Utility";
				PRODUCT_NAME = "$(TARGET_NAME)";
				PROVISIONING_PROFILE_SPECIFIER = "";
				"PROVISIONING_PROFILE_SPECIFIER[sdk=macosx*]" = "";
				SWIFT_EMIT_LOC_STRINGS = YES;
				SWIFT_VERSION = 5.0;
			};
			name = Release;
		};
		5506A7DB285FE2BC00C5BDF5 /* Debug */ = {
			isa = XCBuildConfiguration;
			buildSettings = {
				CODE_SIGN_IDENTITY = "Apple Development";
				"CODE_SIGN_IDENTITY[sdk=macosx*]" = "Mac Developer";
				CODE_SIGN_STYLE = Manual;
				DEAD_CODE_STRIPPING = YES;
				DEVELOPMENT_TEAM = "";
				"DEVELOPMENT_TEAM[sdk=macosx*]" = H2LX99GBPZ;
				ENABLE_HARDENED_RUNTIME = YES;
				INSTALL_PATH = /;
				MACOSX_DEPLOYMENT_TARGET = 11.0;
				PRODUCT_BUNDLE_IDENTIFIER = au.rwts.PDFWriter;
				PRODUCT_NAME = "$(TARGET_NAME)";
				PROVISIONING_PROFILE_SPECIFIER = "";
			};
			name = Debug;
		};
		5506A7DC285FE2BC00C5BDF5 /* Release */ = {
			isa = XCBuildConfiguration;
			buildSettings = {
				CODE_SIGN_IDENTITY = "Apple Development";
				"CODE_SIGN_IDENTITY[sdk=macosx*]" = "Developer ID Application";
				CODE_SIGN_STYLE = Manual;
				DEAD_CODE_STRIPPING = YES;
				DEVELOPMENT_TEAM = "";
				"DEVELOPMENT_TEAM[sdk=macosx*]" = H2LX99GBPZ;
				ENABLE_HARDENED_RUNTIME = YES;
				INSTALL_PATH = /;
				MACOSX_DEPLOYMENT_TARGET = 11.0;
				PRODUCT_BUNDLE_IDENTIFIER = au.rwts.PDFWriter;
				PRODUCT_NAME = "$(TARGET_NAME)";
				PROVISIONING_PROFILE_SPECIFIER = "";
			};
			name = Release;
		};
/* End XCBuildConfiguration section */

/* Begin XCConfigurationList section */
		5506A7A4285F18BF00C5BDF5 /* Build configuration list for PBXProject "PDFWriter" */ = {
			isa = XCConfigurationList;
			buildConfigurations = (
				5506A7B6285F18C100C5BDF5 /* Debug */,
				5506A7B7285F18C100C5BDF5 /* Release */,
			);
			defaultConfigurationIsVisible = 0;
			defaultConfigurationName = Release;
		};
		5506A7B8285F18C100C5BDF5 /* Build configuration list for PBXNativeTarget "PDFWriter Utility" */ = {
			isa = XCConfigurationList;
			buildConfigurations = (
				5506A7B9285F18C100C5BDF5 /* Debug */,
				5506A7BA285F18C100C5BDF5 /* Release */,
			);
			defaultConfigurationIsVisible = 0;
			defaultConfigurationName = Release;
		};
		5506A7DA285FE2BC00C5BDF5 /* Build configuration list for PBXNativeTarget "pdfwriter" */ = {
			isa = XCConfigurationList;
			buildConfigurations = (
				5506A7DB285FE2BC00C5BDF5 /* Debug */,
				5506A7DC285FE2BC00C5BDF5 /* Release */,
			);
			defaultConfigurationIsVisible = 0;
			defaultConfigurationName = Release;
		};
/* End XCConfigurationList section */
	};
	rootObject = 5506A7A1285F18BF00C5BDF5 /* Project object */;
}
